
Microsoft Visual Studio Solution File, Format Version 12.00
# Visual Studio Version 17
VisualStudioVersion = 17.2.32526.322
MinimumVisualStudioVersion = 10.0.40219.1
Project("{9A19103F-16F7-4668-BE54-9A1E7A4F7556}") = "WooW.Resources", "..\Resources\WooW.Resources.csproj", "{4944C2F6-7097-4783-B1FF-373AE65C5C55}"
EndProject
Project("{9A19103F-16F7-4668-BE54-9A1E7A4F7556}") = "WooW.WebClient", "WooW.WebClient\WooW.WebClient.csproj", "{BAA63CAB-0C7C-484A-993D-8CD896682E84}"
EndProject
Global
	GlobalSection(SolutionConfigurationPlatforms) = preSolution
		Debug|Any CPU = Debug|Any CPU
		Release|Any CPU = Release|Any CPU
	EndGlobalSection
	GlobalSection(ProjectConfigurationPlatforms) = postSolution
		{4944C2F6-7097-4783-B1FF-373AE65C5C55}.Debug|Any CPU.ActiveCfg = Debug|Any CPU
		{4944C2F6-7097-4783-B1FF-373AE65C5C55}.Debug|Any CPU.Build.0 = Debug|Any CPU
		{4944C2F6-7097-4783-B1FF-373AE65C5C55}.Release|Any CPU.ActiveCfg = Release|Any CPU
		{4944C2F6-7097-4783-B1FF-373AE65C5C55}.Release|Any CPU.Build.0 = Release|Any CPU
		{BAA63CAB-0C7C-484A-993D-8CD896682E84}.Debug|Any CPU.ActiveCfg = Debug|Any CPU
		{BAA63CAB-0C7C-484A-993D-8CD896682E84}.Debug|Any CPU.Build.0 = Debug|Any CPU
		{BAA63CAB-0C7C-484A-993D-8CD896682E84}.Release|Any CPU.ActiveCfg = Release|Any CPU
		{BAA63CAB-0C7C-484A-993D-8CD896682E84}.Release|Any CPU.Build.0 = Release|Any CPU
	EndGlobalSection
	GlobalSection(SolutionProperties) = preSolution
		HideSolutionNode = FALSE
	EndGlobalSection
	GlobalSection(ExtensibilityGlobals) = postSolution
		SolutionGuid = {3BD794C2-E6A9-4FDA-ACC7-F951350EEFCD}
	EndGlobalSection
EndGlobal
